// !$*UTF8*$!
{
	archiveVersion = 1;
	classes = {
	};
	objectVersion = 50;
	objects = {

/* Begin PBXBuildFile section */
		AABC7D0422D9B47B00B06C5A /* main.swift in Sources */ = {isa = PBXBuildFile; fileRef = AABC7D0322D9B47B00B06C5A /* main.swift */; };
		AABC7D0C22D9B4DE00B06C5A /* TwoSum.swift in Sources */ = {isa = PBXBuildFile; fileRef = AABC7D0B22D9B4DE00B06C5A /* TwoSum.swift */; };
		AABC7D1122D9BAE800B06C5A /* AddTwoNum.swift in Sources */ = {isa = PBXBuildFile; fileRef = AABC7D1022D9BAE800B06C5A /* AddTwoNum.swift */; };
		AABC7D1522D9D47700B06C5A /* RemoveNilValue.swift in Sources */ = {isa = PBXBuildFile; fileRef = AABC7D1422D9D47700B06C5A /* RemoveNilValue.swift */; };
		AABC7D1922D9EA8E00B06C5A /* SplitRange.swift in Sources */ = {isa = PBXBuildFile; fileRef = AABC7D1822D9EA8E00B06C5A /* SplitRange.swift */; };
		AABC7D2322DB29BF00B06C5A /* AddTwoSum.c in Sources */ = {isa = PBXBuildFile; fileRef = AABC7D2222DB29BF00B06C5A /* AddTwoSum.c */; };
/* End PBXBuildFile section */

/* Begin PBXCopyFilesBuildPhase section */
		AABC7CFE22D9B47B00B06C5A /* CopyFiles */ = {
			isa = PBXCopyFilesBuildPhase;
			buildActionMask = 2147483647;
			dstPath = /usr/share/man/man1/;
			dstSubfolderSpec = 0;
			files = (
			);
			runOnlyForDeploymentPostprocessing = 1;
		};
/* End PBXCopyFilesBuildPhase section */

/* Begin PBXFileReference section */
		AABC7D0022D9B47B00B06C5A /* leetcode */ = {isa = PBXFileReference; explicitFileType = "compiled.mach-o.executable"; includeInIndex = 0; path = leetcode; sourceTree = BUILT_PRODUCTS_DIR; };
		AABC7D0322D9B47B00B06C5A /* main.swift */ = {isa = PBXFileReference; lastKnownFileType = sourcecode.swift; path = main.swift; sourceTree = "<group>"; };
		AABC7D0B22D9B4DE00B06C5A /* TwoSum.swift */ = {isa = PBXFileReference; lastKnownFileType = sourcecode.swift; path = TwoSum.swift; sourceTree = "<group>"; };
		AABC7D0D22D9B53100B06C5A /* readme.md */ = {isa = PBXFileReference; lastKnownFileType = net.daringfireball.markdown; path = readme.md; sourceTree = "<group>"; };
		AABC7D1022D9BAE800B06C5A /* AddTwoNum.swift */ = {isa = PBXFileReference; lastKnownFileType = sourcecode.swift; path = AddTwoNum.swift; sourceTree = "<group>"; };
		AABC7D1222D9C19500B06C5A /* readme.md */ = {isa = PBXFileReference; lastKnownFileType = net.daringfireball.markdown; path = readme.md; sourceTree = "<group>"; };
		AABC7D1422D9D47700B06C5A /* RemoveNilValue.swift */ = {isa = PBXFileReference; lastKnownFileType = sourcecode.swift; path = RemoveNilValue.swift; sourceTree = "<group>"; };
		AABC7D1622D9DF7C00B06C5A /* readme.md */ = {isa = PBXFileReference; lastKnownFileType = net.daringfireball.markdown; path = readme.md; sourceTree = "<group>"; };
		AABC7D1822D9EA8E00B06C5A /* SplitRange.swift */ = {isa = PBXFileReference; lastKnownFileType = sourcecode.swift; path = SplitRange.swift; sourceTree = "<group>"; };
		AABC7D1A22D9EF1800B06C5A /* readme.md */ = {isa = PBXFileReference; lastKnownFileType = net.daringfireball.markdown; path = readme.md; sourceTree = "<group>"; };
		AABC7D1C22DB047900B06C5A /* leetcode-Bridging-Header.h */ = {isa = PBXFileReference; lastKnownFileType = sourcecode.c.h; path = "leetcode-Bridging-Header.h"; sourceTree = "<group>"; };
		AABC7D2122DB29BF00B06C5A /* AddTwoSum.h */ = {isa = PBXFileReference; lastKnownFileType = sourcecode.c.h; path = AddTwoSum.h; sourceTree = "<group>"; };
		AABC7D2222DB29BF00B06C5A /* AddTwoSum.c */ = {isa = PBXFileReference; lastKnownFileType = sourcecode.c.c; path = AddTwoSum.c; sourceTree = "<group>"; };
/* End PBXFileReference section */

/* Begin PBXFrameworksBuildPhase section */
		AABC7CFD22D9B47B00B06C5A /* Frameworks */ = {
			isa = PBXFrameworksBuildPhase;
			buildActionMask = 2147483647;
			files = (
			);
			runOnlyForDeploymentPostprocessing = 0;
		};
/* End PBXFrameworksBuildPhase section */

/* Begin PBXGroup section */
		AABC7CF722D9B47B00B06C5A = {
			isa = PBXGroup;
			children = (
				AABC7D0222D9B47B00B06C5A /* leetcode */,
				AABC7D0122D9B47B00B06C5A /* Products */,
			);
			sourceTree = "<group>";
		};
		AABC7D0122D9B47B00B06C5A /* Products */ = {
			isa = PBXGroup;
			children = (
				AABC7D0022D9B47B00B06C5A /* leetcode */,
			);
			name = Products;
			sourceTree = "<group>";
		};
		AABC7D0222D9B47B00B06C5A /* leetcode */ = {
			isa = PBXGroup;
			children = (
				AABC7D1C22DB047900B06C5A /* leetcode-Bridging-Header.h */,
				AABC7D0A22D9B48700B06C5A /* subject */,
				AABC7D0322D9B47B00B06C5A /* main.swift */,
			);
			path = leetcode;
			sourceTree = "<group>";
		};
		AABC7D0A22D9B48700B06C5A /* subject */ = {
			isa = PBXGroup;
			children = (
				AABC7D1722D9EA5600B06C5A /* SplitRange */,
				AABC7D1322D9D45800B06C5A /* RemoveNilValue */,
				AABC7D0F22D9BACD00B06C5A /* AddTwoNum */,
				AABC7D0E22D9B88200B06C5A /* TwoSum */,
			);
			path = subject;
			sourceTree = "<group>";
		};
		AABC7D0E22D9B88200B06C5A /* TwoSum */ = {
			isa = PBXGroup;
			children = (
				AABC7D0B22D9B4DE00B06C5A /* TwoSum.swift */,
				AABC7D0D22D9B53100B06C5A /* readme.md */,
			);
			path = TwoSum;
			sourceTree = "<group>";
		};
		AABC7D0F22D9BACD00B06C5A /* AddTwoNum */ = {
			isa = PBXGroup;
			children = (
				AABC7D1022D9BAE800B06C5A /* AddTwoNum.swift */,
				AABC7D1222D9C19500B06C5A /* readme.md */,
				AABC7D2122DB29BF00B06C5A /* AddTwoSum.h */,
				AABC7D2222DB29BF00B06C5A /* AddTwoSum.c */,
			);
			path = AddTwoNum;
			sourceTree = "<group>";
		};
		AABC7D1322D9D45800B06C5A /* RemoveNilValue */ = {
			isa = PBXGroup;
			children = (
				AABC7D1422D9D47700B06C5A /* RemoveNilValue.swift */,
				AABC7D1622D9DF7C00B06C5A /* readme.md */,
			);
			path = RemoveNilValue;
			sourceTree = "<group>";
		};
		AABC7D1722D9EA5600B06C5A /* SplitRange */ = {
			isa = PBXGroup;
			children = (
				AABC7D1822D9EA8E00B06C5A /* SplitRange.swift */,
				AABC7D1A22D9EF1800B06C5A /* readme.md */,
			);
			path = SplitRange;
			sourceTree = "<group>";
		};
/* End PBXGroup section */

/* Begin PBXNativeTarget section */
		AABC7CFF22D9B47B00B06C5A /* leetcode */ = {
			isa = PBXNativeTarget;
			buildConfigurationList = AABC7D0722D9B47B00B06C5A /* Build configuration list for PBXNativeTarget "leetcode" */;
			buildPhases = (
				AABC7CFC22D9B47B00B06C5A /* Sources */,
				AABC7CFD22D9B47B00B06C5A /* Frameworks */,
				AABC7CFE22D9B47B00B06C5A /* CopyFiles */,
			);
			buildRules = (
			);
			dependencies = (
			);
			name = leetcode;
			productName = leetcode;
			productReference = AABC7D0022D9B47B00B06C5A /* leetcode */;
			productType = "com.apple.product-type.tool";
		};
/* End PBXNativeTarget section */

/* Begin PBXProject section */
		AABC7CF822D9B47B00B06C5A /* Project object */ = {
			isa = PBXProject;
			attributes = {
				LastSwiftUpdateCheck = 1010;
				LastUpgradeCheck = 1010;
				ORGANIZATIONNAME = "孟冰川";
				TargetAttributes = {
					AABC7CFF22D9B47B00B06C5A = {
						CreatedOnToolsVersion = 10.1;
						LastSwiftMigration = 1010;
					};
				};
			};
			buildConfigurationList = AABC7CFB22D9B47B00B06C5A /* Build configuration list for PBXProject "leetcode" */;
			compatibilityVersion = "Xcode 9.3";
			developmentRegion = en;
			hasScannedForEncodings = 0;
			knownRegions = (
				en,
			);
			mainGroup = AABC7CF722D9B47B00B06C5A;
			productRefGroup = AABC7D0122D9B47B00B06C5A /* Products */;
			projectDirPath = "";
			projectRoot = "";
			targets = (
				AABC7CFF22D9B47B00B06C5A /* leetcode */,
			);
		};
/* End PBXProject section */

/* Begin PBXSourcesBuildPhase section */
		AABC7CFC22D9B47B00B06C5A /* Sources */ = {
			isa = PBXSourcesBuildPhase;
			buildActionMask = 2147483647;
			files = (
				AABC7D1922D9EA8E00B06C5A /* SplitRange.swift in Sources */,
				AABC7D0C22D9B4DE00B06C5A /* TwoSum.swift in Sources */,
				AABC7D1522D9D47700B06C5A /* RemoveNilValue.swift in Sources */,
				AABC7D0422D9B47B00B06C5A /* main.swift in Sources */,
				AABC7D2322DB29BF00B06C5A /* AddTwoSum.c in Sources */,
				AABC7D1122D9BAE800B06C5A /* AddTwoNum.swift in Sources */,
			);
			runOnlyForDeploymentPostprocessing = 0;
		};
/* End PBXSourcesBuildPhase section */

/* Begin XCBuildConfiguration section */
		AABC7D0522D9B47B00B06C5A /* Debug */ = {
			isa = XCBuildConfiguration;
			buildSettings = {
				ALWAYS_SEARCH_USER_PATHS = NO;
				CLANG_ANALYZER_NONNULL = YES;
				CLANG_ANALYZER_NUMBER_OBJECT_CONVERSION = YES_AGGRESSIVE;
				CLANG_CXX_LANGUAGE_STANDARD = "gnu++14";
				CLANG_CXX_LIBRARY = "libc++";
				CLANG_ENABLE_MODULES = YES;
				CLANG_ENABLE_OBJC_ARC = YES;
				CLANG_ENABLE_OBJC_WEAK = YES;
				CLANG_WARN_BLOCK_CAPTURE_AUTORELEASING = YES;
				CLANG_WARN_BOOL_CONVERSION = YES;
				CLANG_WARN_COMMA = YES;
				CLANG_WARN_CONSTANT_CONVERSION = YES;
				CLANG_WARN_DEPRECATED_OBJC_IMPLEMENTATIONS = YES;
				CLANG_WARN_DIRECT_OBJC_ISA_USAGE = YES_ERROR;
				CLANG_WARN_DOCUMENTATION_COMMENTS = YES;
				CLANG_WARN_EMPTY_BODY = YES;
				CLANG_WARN_ENUM_CONVERSION = YES;
				CLANG_WARN_INFINITE_RECURSION = YES;
				CLANG_WARN_INT_CONVERSION = YES;
				CLANG_WARN_NON_LITERAL_NULL_CONVERSION = YES;
				CLANG_WARN_OBJC_IMPLICIT_RETAIN_SELF = YES;
				CLANG_WARN_OBJC_LITERAL_CONVERSION = YES;
				CLANG_WARN_OBJC_ROOT_CLASS = YES_ERROR;
				CLANG_WARN_RANGE_LOOP_ANALYSIS = YES;
				CLANG_WARN_STRICT_PROTOTYPES = YES;
				CLANG_WARN_SUSPICIOUS_MOVE = YES;
				CLANG_WARN_UNGUARDED_AVAILABILITY = YES_AGGRESSIVE;
				CLANG_WARN_UNREACHABLE_CODE = YES;
				CLANG_WARN__DUPLICATE_METHOD_MATCH = YES;
				CODE_SIGN_IDENTITY = "Mac Developer";
				COPY_PHASE_STRIP = NO;
				DEBUG_INFORMATION_FORMAT = dwarf;
				ENABLE_STRICT_OBJC_MSGSEND = YES;
				ENABLE_TESTABILITY = YES;
				GCC_C_LANGUAGE_STANDARD = gnu11;
				GCC_DYNAMIC_NO_PIC = NO;
				GCC_NO_COMMON_BLOCKS = YES;
				GCC_OPTIMIZATION_LEVEL = 0;
				GCC_PREPROCESSOR_DEFINITIONS = (
					"DEBUG=1",
					"$(inherited)",
				);
				GCC_WARN_64_TO_32_BIT_CONVERSION = YES;
				GCC_WARN_ABOUT_RETURN_TYPE = YES_ERROR;
				GCC_WARN_UNDECLARED_SELECTOR = YES;
				GCC_WARN_UNINITIALIZED_AUTOS = YES_AGGRESSIVE;
				GCC_WARN_UNUSED_FUNCTION = YES;
				GCC_WARN_UNUSED_VARIABLE = YES;
				MACOSX_DEPLOYMENT_TARGET = 10.14;
				MTL_ENABLE_DEBUG_INFO = INCLUDE_SOURCE;
				MTL_FAST_MATH = YES;
				ONLY_ACTIVE_ARCH = YES;
				SDKROOT = macosx;
				SWIFT_ACTIVE_COMPILATION_CONDITIONS = DEBUG;
				SWIFT_OPTIMIZATION_LEVEL = "-Onone";
			};
			name = Debug;
		};
		AABC7D0622D9B47B00B06C5A /* Release */ = {
			isa = XCBuildConfiguration;
			buildSettings = {
				ALWAYS_SEARCH_USER_PATHS = NO;
				CLANG_ANALYZER_NONNULL = YES;
				CLANG_ANALYZER_NUMBER_OBJECT_CONVERSION = YES_AGGRESSIVE;
				CLANG_CXX_LANGUAGE_STANDARD = "gnu++14";
				CLANG_CXX_LIBRARY = "libc++";
				CLANG_ENABLE_MODULES = YES;
				CLANG_ENABLE_OBJC_ARC = YES;
				CLANG_ENABLE_OBJC_WEAK = YES;
				CLANG_WARN_BLOCK_CAPTURE_AUTORELEASING = YES;
				CLANG_WARN_BOOL_CONVERSION = YES;
				CLANG_WARN_COMMA = YES;
				CLANG_WARN_CONSTANT_CONVERSION = YES;
				CLANG_WARN_DEPRECATED_OBJC_IMPLEMENTATIONS = YES;
				CLANG_WARN_DIRECT_OBJC_ISA_USAGE = YES_ERROR;
				CLANG_WARN_DOCUMENTATION_COMMENTS = YES;
				CLANG_WARN_EMPTY_BODY = YES;
				CLANG_WARN_ENUM_CONVERSION = YES;
				CLANG_WARN_INFINITE_RECURSION = YES;
				CLANG_WARN_INT_CONVERSION = YES;
				CLANG_WARN_NON_LITERAL_NULL_CONVERSION = YES;
				CLANG_WARN_OBJC_IMPLICIT_RETAIN_SELF = YES;
				CLANG_WARN_OBJC_LITERAL_CONVERSION = YES;
				CLANG_WARN_OBJC_ROOT_CLASS = YES_ERROR;
				CLANG_WARN_RANGE_LOOP_ANALYSIS = YES;
				CLANG_WARN_STRICT_PROTOTYPES = YES;
				CLANG_WARN_SUSPICIOUS_MOVE = YES;
				CLANG_WARN_UNGUARDED_AVAILABILITY = YES_AGGRESSIVE;
				CLANG_WARN_UNREACHABLE_CODE = YES;
				CLANG_WARN__DUPLICATE_METHOD_MATCH = YES;
				CODE_SIGN_IDENTITY = "Mac Developer";
				COPY_PHASE_STRIP = NO;
				DEBUG_INFORMATION_FORMAT = "dwarf-with-dsym";
				ENABLE_NS_ASSERTIONS = NO;
				ENABLE_STRICT_OBJC_MSGSEND = YES;
				GCC_C_LANGUAGE_STANDARD = gnu11;
				GCC_NO_COMMON_BLOCKS = YES;
				GCC_WARN_64_TO_32_BIT_CONVERSION = YES;
				GCC_WARN_ABOUT_RETURN_TYPE = YES_ERROR;
				GCC_WARN_UNDECLARED_SELECTOR = YES;
				GCC_WARN_UNINITIALIZED_AUTOS = YES_AGGRESSIVE;
				GCC_WARN_UNUSED_FUNCTION = YES;
				GCC_WARN_UNUSED_VARIABLE = YES;
				MACOSX_DEPLOYMENT_TARGET = 10.14;
				MTL_ENABLE_DEBUG_INFO = NO;
				MTL_FAST_MATH = YES;
				SDKROOT = macosx;
				SWIFT_COMPILATION_MODE = wholemodule;
				SWIFT_OPTIMIZATION_LEVEL = "-O";
			};
			name = Release;
		};
		AABC7D0822D9B47B00B06C5A /* Debug */ = {
			isa = XCBuildConfiguration;
			buildSettings = {
				CLANG_ENABLE_MODULES = YES;
				CODE_SIGN_STYLE = Automatic;
				DEVELOPMENT_TEAM = JXT3UM27V4;
				LD_RUNPATH_SEARCH_PATHS = (
					"$(inherited)",
					"@executable_path/../Frameworks",
					"@loader_path/../Frameworks",
				);
				PRODUCT_NAME = "$(TARGET_NAME)";
				SWIFT_OBJC_BRIDGING_HEADER = "leetcode/leetcode-Bridging-Header.h";
				SWIFT_OPTIMIZATION_LEVEL = "-Onone";
				SWIFT_VERSION = 4.2;
			};
			name = Debug;
		};
		AABC7D0922D9B47B00B06C5A /* Release */ = {
			isa = XCBuildConfiguration;
			buildSettings = {
				CLANG_ENABLE_MODULES = YES;
				CODE_SIGN_STYLE = Automatic;
				DEVELOPMENT_TEAM = JXT3UM27V4;
				LD_RUNPATH_SEARCH_PATHS = (
					"$(inherited)",
					"@executable_path/../Frameworks",
					"@loader_path/../Frameworks",
				);
				PRODUCT_NAME = "$(TARGET_NAME)";
				SWIFT_OBJC_BRIDGING_HEADER = "leetcode/leetcode-Bridging-Header.h";
				SWIFT_VERSION = 4.2;
			};
			name = Release;
		};
/* End XCBuildConfiguration section */

/* Begin XCConfigurationList section */
		AABC7CFB22D9B47B00B06C5A /* Build configuration list for PBXProject "leetcode" */ = {
			isa = XCConfigurationList;
			buildConfigurations = (
				AABC7D0522D9B47B00B06C5A /* Debug */,
				AABC7D0622D9B47B00B06C5A /* Release */,
			);
			defaultConfigurationIsVisible = 0;
			defaultConfigurationName = Release;
		};
		AABC7D0722D9B47B00B06C5A /* Build configuration list for PBXNativeTarget "leetcode" */ = {
			isa = XCConfigurationList;
			buildConfigurations = (
				AABC7D0822D9B47B00B06C5A /* Debug */,
				AABC7D0922D9B47B00B06C5A /* Release */,
			);
			defaultConfigurationIsVisible = 0;
			defaultConfigurationName = Release;
		};
/* End XCConfigurationList section */
	};
	rootObject = AABC7CF822D9B47B00B06C5A /* Project object */;
}
